
Microsoft Visual Studio Solution File, Format Version 12.00
# Visual Studio Version 16
VisualStudioVersion = 16.0.31729.503
MinimumVisualStudioVersion = 10.0.40219.1
Project("{FAE04EC0-301F-11D3-BF4B-00C04F79EFBC}") = "MyFoodDelivery", "src\MyFoodDelivery\MyFoodDelivery.csproj", "{19DC6834-0C7F-48FF-9D03-23B4CE458EF7}"
EndProject
Global
	GlobalSection(SolutionConfigurationPlatforms) = preSolution
		Debug|Any CPU = Debug|Any CPU
		Release|Any CPU = Release|Any CPU
	EndGlobalSection
	GlobalSection(ProjectConfigurationPlatforms) = postSolution
		{19DC6834-0C7F-48FF-9D03-23B4CE458EF7}.Debug|Any CPU.ActiveCfg = Debug|Any CPU
		{19DC6834-0C7F-48FF-9D03-23B4CE458EF7}.Debug|Any CPU.Build.0 = Debug|Any CPU
		{19DC6834-0C7F-48FF-9D03-23B4CE458EF7}.Release|Any CPU.ActiveCfg = Release|Any CPU
		{19DC6834-0C7F-48FF-9D03-23B4CE458EF7}.Release|Any CPU.Build.0 = Release|Any CPU
	EndGlobalSection
	GlobalSection(SolutionProperties) = preSolution
		HideSolutionNode = FALSE
	EndGlobalSection
	GlobalSection(ExtensibilityGlobals) = postSolution
		SolutionGuid = {7668EC4E-CBDE-45BC-BCD8-51FB90FC1F72}
	EndGlobalSection
EndGlobal
